
Microsoft Visual Studio Solution File, Format Version 12.00
# Visual Studio Version 16
VisualStudioVersion = 16.0.31729.503
MinimumVisualStudioVersion = 10.0.40219.1
Project("{9A19103F-16F7-4668-BE54-9A1E7A4F7556}") = "VAMvarmanager", "VAMvarmanager\VAMvarmanager.csproj", "{5628834B-128D-414A-A594-CE709E90EC64}"
EndProject
Global
	GlobalSection(SolutionConfigurationPlatforms) = preSolution
		Debug|Any CPU = Debug|Any CPU
		Release|Any CPU = Release|Any CPU
	EndGlobalSection
	GlobalSection(ProjectConfigurationPlatforms) = postSolution
		{5628834B-128D-414A-A594-CE709E90EC64}.Debug|Any CPU.ActiveCfg = Debug|Any CPU
		{5628834B-128D-414A-A594-CE709E90EC64}.Debug|Any CPU.Build.0 = Debug|Any CPU
		{5628834B-128D-414A-A594-CE709E90EC64}.Release|Any CPU.ActiveCfg = Release|Any CPU
		{5628834B-128D-414A-A594-CE709E90EC64}.Release|Any CPU.Build.0 = Release|Any CPU
	EndGlobalSection
	GlobalSection(SolutionProperties) = preSolution
		HideSolutionNode = FALSE
	EndGlobalSection
	GlobalSection(ExtensibilityGlobals) = postSolution
		SolutionGuid = {2D9440E3-DEDD-4186-81D2-E83C0C98DB18}
	EndGlobalSection
EndGlobal
